{
  "requires": true,
  "lockfileVersion": 1,
  "dependencies": {
    "moo": {
      "version": "0.4.3",
      "resolved": "https://registry.npmjs.org/moo/-/moo-0.4.3.tgz",
      "integrity": "sha512-gFD2xGCl8YFgGHsqJ9NKRVdwlioeW3mI1iqfLNYQOv0+6JRwG58Zk9DIGQgyIaffSYaO1xsKnMaYzzNr1KyIAw=="
    }
  }
}
